{
	"name": "anon-messenger",
	"version": "1.0.0",
	"lockfileVersion": 3,
	"requires": true,
	"packages": {
		"": {
			"name": "anon-messenger",
			"version": "1.0.0",
			"license": "MIT",
			"dependencies": {
				"ths": "^2.1.5"
			},
			"engines": {
				"node": ">=18.0.0"
			}
		},
		"node_modules/ths": {
			"version": "2.1.5",
			"resolved": "https://registry.npmjs.org/ths/-/ths-2.1.5.tgz",
			"integrity": "sha512-fITkRKdoi1EpRtkov8r4VcoIZjyei1PSa3xv3W38o0bB0sKlUX9+/ithn3yB3ekuDF1jaJlcciCNAauFTIO4/w==",
			"license": "MIT"
		}
	}
}
